
Microsoft Visual Studio Solution File, Format Version 12.00
# Visual Studio 15
VisualStudioVersion = 15.0.27428.2015
MinimumVisualStudioVersion = 10.0.40219.1
Project("{FAE04EC0-301F-11D3-BF4B-00C04F79EFBC}") = "DanceSchoolPortalApi", "DanceSchoolPortalApi\DanceSchoolPortalApi.csproj", "{77EF395F-0770-4DC2-8708-17294058B954}"
EndProject
Project("{00D1A9C2-B5F0-4AF3-8072-F6C62B433612}") = "DanceSchoolPortalDb", "DanceSchoolPortalDb\DanceSchoolPortalDb.sqlproj", "{6DECCF54-EB98-4510-9C80-97B5BF658754}"
EndProject
Global
	GlobalSection(SolutionConfigurationPlatforms) = preSolution
		Debug|Any CPU = Debug|Any CPU
		Release|Any CPU = Release|Any CPU
	EndGlobalSection
	GlobalSection(ProjectConfigurationPlatforms) = postSolution
		{77EF395F-0770-4DC2-8708-17294058B954}.Debug|Any CPU.ActiveCfg = Debug|Any CPU
		{77EF395F-0770-4DC2-8708-17294058B954}.Debug|Any CPU.Build.0 = Debug|Any CPU
		{77EF395F-0770-4DC2-8708-17294058B954}.Release|Any CPU.ActiveCfg = Release|Any CPU
		{77EF395F-0770-4DC2-8708-17294058B954}.Release|Any CPU.Build.0 = Release|Any CPU
		{6DECCF54-EB98-4510-9C80-97B5BF658754}.Debug|Any CPU.ActiveCfg = Debug|Any CPU
		{6DECCF54-EB98-4510-9C80-97B5BF658754}.Debug|Any CPU.Build.0 = Debug|Any CPU
		{6DECCF54-EB98-4510-9C80-97B5BF658754}.Debug|Any CPU.Deploy.0 = Debug|Any CPU
		{6DECCF54-EB98-4510-9C80-97B5BF658754}.Release|Any CPU.ActiveCfg = Release|Any CPU
		{6DECCF54-EB98-4510-9C80-97B5BF658754}.Release|Any CPU.Build.0 = Release|Any CPU
		{6DECCF54-EB98-4510-9C80-97B5BF658754}.Release|Any CPU.Deploy.0 = Release|Any CPU
	EndGlobalSection
	GlobalSection(SolutionProperties) = preSolution
		HideSolutionNode = FALSE
	EndGlobalSection
	GlobalSection(ExtensibilityGlobals) = postSolution
		SolutionGuid = {65A1834B-0784-4232-8821-D3E537088CF8}
	EndGlobalSection
EndGlobal
